// !$*UTF8*$!
{
	archiveVersion = 1;
	classes = {
	};
	objectVersion = 46;
	objects = {

/* Begin PBXBuildFile section */
		4DF4718CBCB570487106D357 /* Pods_IDBISales.framework in Frameworks */ = {isa = PBXBuildFile; fileRef = 4E0D59ED96B1636B8C21CA7C /* Pods_IDBISales.framework */; };
		5C63B7FF1F2B38F100B56C92 /* RaisePlaceholder.swift in Sources */ = {isa = PBXBuildFile; fileRef = 5C63B7FE1F2B38F100B56C92 /* RaisePlaceholder.swift */; };
		5C63B8091F2B467700B56C92 /* TPKeyboardAvoidingScrollView.m in Sources */ = {isa = PBXBuildFile; fileRef = 5C63B8041F2B467700B56C92 /* TPKeyboardAvoidingScrollView.m */; };
		5C63B80A1F2B467700B56C92 /* TPKeyboardAvoidingTableView.m in Sources */ = {isa = PBXBuildFile; fileRef = 5C63B8061F2B467700B56C92 /* TPKeyboardAvoidingTableView.m */; };
		5C63B80B1F2B467700B56C92 /* UIScrollView+TPKeyboardAvoidingAdditions.m in Sources */ = {isa = PBXBuildFile; fileRef = 5C63B8081F2B467700B56C92 /* UIScrollView+TPKeyboardAvoidingAdditions.m */; };
		5C7571911F397B370052513E /* DLRadioButton.m in Sources */ = {isa = PBXBuildFile; fileRef = 5C7571901F397B370052513E /* DLRadioButton.m */; };
		5C7835AD1F358A7200C45685 /* ReportsViewController.swift in Sources */ = {isa = PBXBuildFile; fileRef = 5C7835AC1F358A7200C45685 /* ReportsViewController.swift */; };
		5C7835B01F35E99700C45685 /* MaterialLoadingIndicator.swift in Sources */ = {isa = PBXBuildFile; fileRef = 5C7835AF1F35E99700C45685 /* MaterialLoadingIndicator.swift */; };
		5C9F218B1F3478DF00DB5274 /* DateCollectionViewCell.swift in Sources */ = {isa = PBXBuildFile; fileRef = 5C9F21881F3478DF00DB5274 /* DateCollectionViewCell.swift */; };
		5C9F218C1F3478DF00DB5274 /* DateTimePicker.swift in Sources */ = {isa = PBXBuildFile; fileRef = 5C9F21891F3478DF00DB5274 /* DateTimePicker.swift */; };
		5C9F218D1F3478DF00DB5274 /* StepCollectionViewFlowLayout.swift in Sources */ = {isa = PBXBuildFile; fileRef = 5C9F218A1F3478DF00DB5274 /* StepCollectionViewFlowLayout.swift */; };
		5C9F218F1F347DA500DB5274 /* Alert.swift in Sources */ = {isa = PBXBuildFile; fileRef = 5C9F218E1F347DA500DB5274 /* Alert.swift */; };
		5CB5008F1F3327DC00431EE8 /* JNKeychain.m in Sources */ = {isa = PBXBuildFile; fileRef = 5CB5008E1F3327DC00431EE8 /* JNKeychain.m */; };
		5CB500941F3331F500431EE8 /* CCheckbox.swift in Sources */ = {isa = PBXBuildFile; fileRef = 5CB500931F3331F500431EE8 /* CCheckbox.swift */; };
		5CB5BA3D1F3DD0B100EC196B /* V2LabeledTextField.m in Sources */ = {isa = PBXBuildFile; fileRef = 5CB5BA391F3DD0B100EC196B /* V2LabeledTextField.m */; };
		5CB5BA3E1F3DD0B100EC196B /* V2LabeledTextField.xib in Resources */ = {isa = PBXBuildFile; fileRef = 5CB5BA3A1F3DD0B100EC196B /* V2LabeledTextField.xib */; };
		5CB5BA3F1F3DD0B100EC196B /* V2Textfield.m in Sources */ = {isa = PBXBuildFile; fileRef = 5CB5BA3C1F3DD0B100EC196B /* V2Textfield.m */; };
		5CB5BA421F3DD1EF00EC196B /* UIColor+V2Color.m in Sources */ = {isa = PBXBuildFile; fileRef = 5CB5BA411F3DD1EF00EC196B /* UIColor+V2Color.m */; };
		5CBBEF431F31D3840032B57B /* LUAutocompleteTableViewCell.swift in Sources */ = {isa = PBXBuildFile; fileRef = 5CBBEF3F1F31D3840032B57B /* LUAutocompleteTableViewCell.swift */; };
		5CBBEF441F31D3840032B57B /* LUAutocompleteView.swift in Sources */ = {isa = PBXBuildFile; fileRef = 5CBBEF401F31D3840032B57B /* LUAutocompleteView.swift */; };
		5CBBEF451F31D3840032B57B /* LUAutocompleteViewDataSource.swift in Sources */ = {isa = PBXBuildFile; fileRef = 5CBBEF411F31D3840032B57B /* LUAutocompleteViewDataSource.swift */; };
		5CBBEF461F31D3840032B57B /* LUAutocompleteViewDelegate.swift in Sources */ = {isa = PBXBuildFile; fileRef = 5CBBEF421F31D3840032B57B /* LUAutocompleteViewDelegate.swift */; };
		5CBBEF4B1F31E2AE0032B57B /* CZPickerView.m in Sources */ = {isa = PBXBuildFile; fileRef = 5CBBEF4A1F31E2AE0032B57B /* CZPickerView.m */; };
		5CC020931F44695A003E89F0 /* JailBrokeController.m in Sources */ = {isa = PBXBuildFile; fileRef = 5CC020901F44695A003E89F0 /* JailBrokeController.m */; };
		5CC020941F44695A003E89F0 /* JailBrokenDevice.m in Sources */ = {isa = PBXBuildFile; fileRef = 5CC020921F44695A003E89F0 /* JailBrokenDevice.m */; };
		5CC020971F446BC9003E89F0 /* check.jpeg in Resources */ = {isa = PBXBuildFile; fileRef = 5CC020951F446BC9003E89F0 /* check.jpeg */; };
		5CC020981F446BC9003E89F0 /* uncheck.jpeg in Resources */ = {isa = PBXBuildFile; fileRef = 5CC020961F446BC9003E89F0 /* uncheck.jpeg */; };
		5CC0209A1F4470F7003E89F0 /* RootDeviceViewController.swift in Sources */ = {isa = PBXBuildFile; fileRef = 5CC020991F4470F7003E89F0 /* RootDeviceViewController.swift */; };
		5CC89EDF1F33048F00AA0336 /* DataManager.swift in Sources */ = {isa = PBXBuildFile; fileRef = 5CC89EDE1F33048F00AA0336 /* DataManager.swift */; };
		5CC89EE11F33049F00AA0336 /* ServerManager.swift in Sources */ = {isa = PBXBuildFile; fileRef = 5CC89EE01F33049F00AA0336 /* ServerManager.swift */; };
		5CC89EED1F33058500AA0336 /* KeyCode.m in Sources */ = {isa = PBXBuildFile; fileRef = 5CC89EE41F33058500AA0336 /* KeyCode.m */; };
		5CC89EEE1F33058500AA0336 /* AESCrypt.m in Sources */ = {isa = PBXBuildFile; fileRef = 5CC89EE61F33058500AA0336 /* AESCrypt.m */; };
		5CC89EEF1F33058500AA0336 /* NSData+Base64.m in Sources */ = {isa = PBXBuildFile; fileRef = 5CC89EE81F33058500AA0336 /* NSData+Base64.m */; };
		5CC89EF01F33058500AA0336 /* NSString+Base64.m in Sources */ = {isa = PBXBuildFile; fileRef = 5CC89EEA1F33058500AA0336 /* NSString+Base64.m */; };
		5CC89EF11F33058500AA0336 /* NSData+CommonCrypto.m in Sources */ = {isa = PBXBuildFile; fileRef = 5CC89EEC1F33058500AA0336 /* NSData+CommonCrypto.m */; };
		5CCAB6CD1F2C4D6500E24BEB /* SecondViewController.swift in Sources */ = {isa = PBXBuildFile; fileRef = 5CCAB6CC1F2C4D6500E24BEB /* SecondViewController.swift */; };
		5CCAB6D41F2C66AD00E24BEB /* MenuViewController.swift in Sources */ = {isa = PBXBuildFile; fileRef = 5CCAB6D31F2C66AD00E24BEB /* MenuViewController.swift */; };
		5CD1A9C21F2F089700E314DA /* defaultUser.png in Resources */ = {isa = PBXBuildFile; fileRef = 5CD1A9C11F2F089700E314DA /* defaultUser.png */; };
		5CE8EFA51F46B6F6007DD071 /* hide.png in Resources */ = {isa = PBXBuildFile; fileRef = 5CE8EFA31F46B6F6007DD071 /* hide.png */; };
		5CE8EFA61F46B6F6007DD071 /* show.png in Resources */ = {isa = PBXBuildFile; fileRef = 5CE8EFA41F46B6F6007DD071 /* show.png */; };
		5CE8EFA81F46DDF4007DD071 /* NetworkManager.swift in Sources */ = {isa = PBXBuildFile; fileRef = 5CE8EFA71F46DDF4007DD071 /* NetworkManager.swift */; };
		5CE8EFAA1F46E9E4007DD071 /* abhaycrt.cer in Resources */ = {isa = PBXBuildFile; fileRef = 5CE8EFA91F46E9E4007DD071 /* abhaycrt.cer */; };
		5CF1CB611F30562D006CEBA7 /* AddLeadViewController.swift in Sources */ = {isa = PBXBuildFile; fileRef = 5CF1CB601F30562D006CEBA7 /* AddLeadViewController.swift */; };
		5CF1CB661F3095D2006CEBA7 /* MVYSideMenuController.m in Sources */ = {isa = PBXBuildFile; fileRef = 5CF1CB631F3095D2006CEBA7 /* MVYSideMenuController.m */; };
		5CF1CB671F3095D2006CEBA7 /* MVYSideMenuOptions.m in Sources */ = {isa = PBXBuildFile; fileRef = 5CF1CB651F3095D2006CEBA7 /* MVYSideMenuOptions.m */; };
		9C243EC81F2B17B400AE8499 /* AppDelegate.swift in Sources */ = {isa = PBXBuildFile; fileRef = 9C243EC71F2B17B400AE8499 /* AppDelegate.swift */; };
		9C243ECA1F2B17B400AE8499 /* ViewController.swift in Sources */ = {isa = PBXBuildFile; fileRef = 9C243EC91F2B17B400AE8499 /* ViewController.swift */; };
		9C243ECD1F2B17B400AE8499 /* Main.storyboard in Resources */ = {isa = PBXBuildFile; fileRef = 9C243ECB1F2B17B400AE8499 /* Main.storyboard */; };
		9C243ECF1F2B17B400AE8499 /* Assets.xcassets in Resources */ = {isa = PBXBuildFile; fileRef = 9C243ECE1F2B17B400AE8499 /* Assets.xcassets */; };
		9C243ED21F2B17B400AE8499 /* LaunchScreen.storyboard in Resources */ = {isa = PBXBuildFile; fileRef = 9C243ED01F2B17B400AE8499 /* LaunchScreen.storyboard */; };
		9C243EDD1F2B17B400AE8499 /* IDBISalesTests.swift in Sources */ = {isa = PBXBuildFile; fileRef = 9C243EDC1F2B17B400AE8499 /* IDBISalesTests.swift */; };
		9C243EE81F2B17B400AE8499 /* IDBISalesUITests.swift in Sources */ = {isa = PBXBuildFile; fileRef = 9C243EE71F2B17B400AE8499 /* IDBISalesUITests.swift */; };
		9CAB09091F3D79D900217D6B /* FirstViewController.swift in Sources */ = {isa = PBXBuildFile; fileRef = 9CAB09081F3D79D900217D6B /* FirstViewController.swift */; };
		9CAB090B1F419B3A00217D6B /* MessageUI.framework in Frameworks */ = {isa = PBXBuildFile; fileRef = 9CAB090A1F419B3A00217D6B /* MessageUI.framework */; };
		9CFD1B4F1F39AC500061A642 /* LeadDetails.swift in Sources */ = {isa = PBXBuildFile; fileRef = 9CFD1B4E1F39AC500061A642 /* LeadDetails.swift */; };
		9CFD1B511F3AEB920061A642 /* 640x1136-bg.jpg in Resources */ = {isa = PBXBuildFile; fileRef = 9CFD1B501F3AEB920061A642 /* 640x1136-bg.jpg */; };
		9CFD1B531F3C6D3B0061A642 /* AssignLeadViewController.swift in Sources */ = {isa = PBXBuildFile; fileRef = 9CFD1B521F3C6D3B0061A642 /* AssignLeadViewController.swift */; };
/* End PBXBuildFile section */

/* Begin PBXContainerItemProxy section */
		9C243ED91F2B17B400AE8499 /* PBXContainerItemProxy */ = {
			isa = PBXContainerItemProxy;
			containerPortal = 9C243EBC1F2B17B300AE8499 /* Project object */;
			proxyType = 1;
			remoteGlobalIDString = 9C243EC31F2B17B300AE8499;
			remoteInfo = IDBISales;
		};
		9C243EE41F2B17B400AE8499 /* PBXContainerItemProxy */ = {
			isa = PBXContainerItemProxy;
			containerPortal = 9C243EBC1F2B17B300AE8499 /* Project object */;
			proxyType = 1;
			remoteGlobalIDString = 9C243EC31F2B17B300AE8499;
			remoteInfo = IDBISales;
		};
/* End PBXContainerItemProxy section */

/* Begin PBXFileReference section */
		42C66A791ED876DABC349DBB /* Pods-IDBISales.debug.xcconfig */ = {isa = PBXFileReference; includeInIndex = 1; lastKnownFileType = text.xcconfig; name = "Pods-IDBISales.debug.xcconfig"; path = "Pods/Target Support Files/Pods-IDBISales/Pods-IDBISales.debug.xcconfig"; sourceTree = "<group>"; };
		4E0D59ED96B1636B8C21CA7C /* Pods_IDBISales.framework */ = {isa = PBXFileReference; explicitFileType = wrapper.framework; includeInIndex = 0; path = Pods_IDBISales.framework; sourceTree = BUILT_PRODUCTS_DIR; };
		5C63B7FE1F2B38F100B56C92 /* RaisePlaceholder.swift */ = {isa = PBXFileReference; fileEncoding = 4; lastKnownFileType = sourcecode.swift; path = RaisePlaceholder.swift; sourceTree = "<group>"; };
		5C63B8021F2B467700B56C92 /* IDBISales-Bridging-Header.h */ = {isa = PBXFileReference; lastKnownFileType = sourcecode.c.h; path = "IDBISales-Bridging-Header.h"; sourceTree = "<group>"; };
		5C63B8031F2B467700B56C92 /* TPKeyboardAvoidingScrollView.h */ = {isa = PBXFileReference; fileEncoding = 4; lastKnownFileType = sourcecode.c.h; path = TPKeyboardAvoidingScrollView.h; sourceTree = "<group>"; };
		5C63B8041F2B467700B56C92 /* TPKeyboardAvoidingScrollView.m */ = {isa = PBXFileReference; fileEncoding = 4; lastKnownFileType = sourcecode.c.objc; path = TPKeyboardAvoidingScrollView.m; sourceTree = "<group>"; };
		5C63B8051F2B467700B56C92 /* TPKeyboardAvoidingTableView.h */ = {isa = PBXFileReference; fileEncoding = 4; lastKnownFileType = sourcecode.c.h; path = TPKeyboardAvoidingTableView.h; sourceTree = "<group>"; };
		5C63B8061F2B467700B56C92 /* TPKeyboardAvoidingTableView.m */ = {isa = PBXFileReference; fileEncoding = 4; lastKnownFileType = sourcecode.c.objc; path = TPKeyboardAvoidingTableView.m; sourceTree = "<group>"; };
		5C63B8071F2B467700B56C92 /* UIScrollView+TPKeyboardAvoidingAdditions.h */ = {isa = PBXFileReference; fileEncoding = 4; lastKnownFileType = sourcecode.c.h; path = "UIScrollView+TPKeyboardAvoidingAdditions.h"; sourceTree = "<group>"; };
		5C63B8081F2B467700B56C92 /* UIScrollView+TPKeyboardAvoidingAdditions.m */ = {isa = PBXFileReference; fileEncoding = 4; lastKnownFileType = sourcecode.c.objc; path = "UIScrollView+TPKeyboardAvoidingAdditions.m"; sourceTree = "<group>"; };
		5C75718F1F397B370052513E /* DLRadioButton.h */ = {isa = PBXFileReference; fileEncoding = 4; lastKnownFileType = sourcecode.c.h; path = DLRadioButton.h; sourceTree = "<group>"; };
		5C7571901F397B370052513E /* DLRadioButton.m */ = {isa = PBXFileReference; fileEncoding = 4; lastKnownFileType = sourcecode.c.objc; path = DLRadioButton.m; sourceTree = "<group>"; };
		5C7835AC1F358A7200C45685 /* ReportsViewController.swift */ = {isa = PBXFileReference; fileEncoding = 4; lastKnownFileType = sourcecode.swift; path = ReportsViewController.swift; sourceTree = "<group>"; };
		5C7835AF1F35E99700C45685 /* MaterialLoadingIndicator.swift */ = {isa = PBXFileReference; fileEncoding = 4; lastKnownFileType = sourcecode.swift; path = MaterialLoadingIndicator.swift; sourceTree = "<group>"; };
		5C9F21881F3478DF00DB5274 /* DateCollectionViewCell.swift */ = {isa = PBXFileReference; fileEncoding = 4; lastKnownFileType = sourcecode.swift; path = DateCollectionViewCell.swift; sourceTree = "<group>"; };
		5C9F21891F3478DF00DB5274 /* DateTimePicker.swift */ = {isa = PBXFileReference; fileEncoding = 4; lastKnownFileType = sourcecode.swift; path = DateTimePicker.swift; sourceTree = "<group>"; };
		5C9F218A1F3478DF00DB5274 /* StepCollectionViewFlowLayout.swift */ = {isa = PBXFileReference; fileEncoding = 4; lastKnownFileType = sourcecode.swift; path = StepCollectionViewFlowLayout.swift; sourceTree = "<group>"; };
		5C9F218E1F347DA500DB5274 /* Alert.swift */ = {isa = PBXFileReference; fileEncoding = 4; lastKnownFileType = sourcecode.swift; path = Alert.swift; sourceTree = "<group>"; };
		5CB5008D1F3327DC00431EE8 /* JNKeychain.h */ = {isa = PBXFileReference; fileEncoding = 4; lastKnownFileType = sourcecode.c.h; path = JNKeychain.h; sourceTree = "<group>"; };
		5CB5008E1F3327DC00431EE8 /* JNKeychain.m */ = {isa = PBXFileReference; fileEncoding = 4; lastKnownFileType = sourcecode.c.objc; path = JNKeychain.m; sourceTree = "<group>"; };
		5CB500931F3331F500431EE8 /* CCheckbox.swift */ = {isa = PBXFileReference; fileEncoding = 4; lastKnownFileType = sourcecode.swift; path = CCheckbox.swift; sourceTree = "<group>"; };
		5CB5BA381F3DD0B100EC196B /* V2LabeledTextField.h */ = {isa = PBXFileReference; fileEncoding = 4; lastKnownFileType = sourcecode.c.h; path = V2LabeledTextField.h; sourceTree = "<group>"; };
		5CB5BA391F3DD0B100EC196B /* V2LabeledTextField.m */ = {isa = PBXFileReference; fileEncoding = 4; lastKnownFileType = sourcecode.c.objc; path = V2LabeledTextField.m; sourceTree = "<group>"; };
		5CB5BA3A1F3DD0B100EC196B /* V2LabeledTextField.xib */ = {isa = PBXFileReference; fileEncoding = 4; lastKnownFileType = file.xib; path = V2LabeledTextField.xib; sourceTree = "<group>"; };
		5CB5BA3B1F3DD0B100EC196B /* V2Textfield.h */ = {isa = PBXFileReference; fileEncoding = 4; lastKnownFileType = sourcecode.c.h; path = V2Textfield.h; sourceTree = "<group>"; };
		5CB5BA3C1F3DD0B100EC196B /* V2Textfield.m */ = {isa = PBXFileReference; fileEncoding = 4; lastKnownFileType = sourcecode.c.objc; path = V2Textfield.m; sourceTree = "<group>"; };
		5CB5BA401F3DD1EF00EC196B /* UIColor+V2Color.h */ = {isa = PBXFileReference; fileEncoding = 4; lastKnownFileType = sourcecode.c.h; path = "UIColor+V2Color.h"; sourceTree = "<group>"; };
		5CB5BA411F3DD1EF00EC196B /* UIColor+V2Color.m */ = {isa = PBXFileReference; fileEncoding = 4; lastKnownFileType = sourcecode.c.objc; path = "UIColor+V2Color.m"; sourceTree = "<group>"; };
		5CBBEF3F1F31D3840032B57B /* LUAutocompleteTableViewCell.swift */ = {isa = PBXFileReference; fileEncoding = 4; lastKnownFileType = sourcecode.swift; path = LUAutocompleteTableViewCell.swift; sourceTree = "<group>"; };
		5CBBEF401F31D3840032B57B /* LUAutocompleteView.swift */ = {isa = PBXFileReference; fileEncoding = 4; lastKnownFileType = sourcecode.swift; path = LUAutocompleteView.swift; sourceTree = "<group>"; };
		5CBBEF411F31D3840032B57B /* LUAutocompleteViewDataSource.swift */ = {isa = PBXFileReference; fileEncoding = 4; lastKnownFileType = sourcecode.swift; path = LUAutocompleteViewDataSource.swift; sourceTree = "<group>"; };
		5CBBEF421F31D3840032B57B /* LUAutocompleteViewDelegate.swift */ = {isa = PBXFileReference; fileEncoding = 4; lastKnownFileType = sourcecode.swift; path = LUAutocompleteViewDelegate.swift; sourceTree = "<group>"; };
		5CBBEF481F31E2AE0032B57B /* CZPicker.h */ = {isa = PBXFileReference; fileEncoding = 4; lastKnownFileType = sourcecode.c.h; path = CZPicker.h; sourceTree = "<group>"; };
		5CBBEF491F31E2AE0032B57B /* CZPickerView.h */ = {isa = PBXFileReference; fileEncoding = 4; lastKnownFileType = sourcecode.c.h; path = CZPickerView.h; sourceTree = "<group>"; };
		5CBBEF4A1F31E2AE0032B57B /* CZPickerView.m */ = {isa = PBXFileReference; fileEncoding = 4; lastKnownFileType = sourcecode.c.objc; path = CZPickerView.m; sourceTree = "<group>"; };
		5CC0208F1F44695A003E89F0 /* JailBrokeController.h */ = {isa = PBXFileReference; fileEncoding = 4; lastKnownFileType = sourcecode.c.h; path = JailBrokeController.h; sourceTree = "<group>"; };
		5CC020901F44695A003E89F0 /* JailBrokeController.m */ = {isa = PBXFileReference; fileEncoding = 4; lastKnownFileType = sourcecode.c.objc; path = JailBrokeController.m; sourceTree = "<group>"; };
		5CC020911F44695A003E89F0 /* JailBrokenDevice.h */ = {isa = PBXFileReference; fileEncoding = 4; lastKnownFileType = sourcecode.c.h; path = JailBrokenDevice.h; sourceTree = "<group>"; };
		5CC020921F44695A003E89F0 /* JailBrokenDevice.m */ = {isa = PBXFileReference; fileEncoding = 4; lastKnownFileType = sourcecode.c.objc; path = JailBrokenDevice.m; sourceTree = "<group>"; };
		5CC020951F446BC9003E89F0 /* check.jpeg */ = {isa = PBXFileReference; lastKnownFileType = image.jpeg; path = check.jpeg; sourceTree = "<group>"; };
		5CC020961F446BC9003E89F0 /* uncheck.jpeg */ = {isa = PBXFileReference; lastKnownFileType = image.jpeg; path = uncheck.jpeg; sourceTree = "<group>"; };
		5CC020991F4470F7003E89F0 /* RootDeviceViewController.swift */ = {isa = PBXFileReference; fileEncoding = 4; lastKnownFileType = sourcecode.swift; path = RootDeviceViewController.swift; sourceTree = "<group>"; };
		5CC89EDE1F33048F00AA0336 /* DataManager.swift */ = {isa = PBXFileReference; fileEncoding = 4; lastKnownFileType = sourcecode.swift; path = DataManager.swift; sourceTree = "<group>"; };
		5CC89EE01F33049F00AA0336 /* ServerManager.swift */ = {isa = PBXFileReference; fileEncoding = 4; lastKnownFileType = sourcecode.swift; path = ServerManager.swift; sourceTree = "<group>"; };
		5CC89EE31F33058500AA0336 /* KeyCode.h */ = {isa = PBXFileReference; fileEncoding = 4; lastKnownFileType = sourcecode.c.h; path = KeyCode.h; sourceTree = "<group>"; };
		5CC89EE41F33058500AA0336 /* KeyCode.m */ = {isa = PBXFileReference; fileEncoding = 4; lastKnownFileType = sourcecode.c.objc; path = KeyCode.m; sourceTree = "<group>"; };
		5CC89EE51F33058500AA0336 /* AESCrypt.h */ = {isa = PBXFileReference; fileEncoding = 4; lastKnownFileType = sourcecode.c.h; path = AESCrypt.h; sourceTree = "<group>"; };
		5CC89EE61F33058500AA0336 /* AESCrypt.m */ = {isa = PBXFileReference; fileEncoding = 4; lastKnownFileType = sourcecode.c.objc; path = AESCrypt.m; sourceTree = "<group>"; };
		5CC89EE71F33058500AA0336 /* NSData+Base64.h */ = {isa = PBXFileReference; fileEncoding = 4; lastKnownFileType = sourcecode.c.h; path = "NSData+Base64.h"; sourceTree = "<group>"; };
		5CC89EE81F33058500AA0336 /* NSData+Base64.m */ = {isa = PBXFileReference; fileEncoding = 4; lastKnownFileType = sourcecode.c.objc; path = "NSData+Base64.m"; sourceTree = "<group>"; };
		5CC89EE91F33058500AA0336 /* NSString+Base64.h */ = {isa = PBXFileReference; fileEncoding = 4; lastKnownFileType = sourcecode.c.h; path = "NSString+Base64.h"; sourceTree = "<group>"; };
		5CC89EEA1F33058500AA0336 /* NSString+Base64.m */ = {isa = PBXFileReference; fileEncoding = 4; lastKnownFileType = sourcecode.c.objc; path = "NSString+Base64.m"; sourceTree = "<group>"; };
		5CC89EEB1F33058500AA0336 /* NSData+CommonCrypto.h */ = {isa = PBXFileReference; fileEncoding = 4; lastKnownFileType = sourcecode.c.h; path = "NSData+CommonCrypto.h"; sourceTree = "<group>"; };
		5CC89EEC1F33058500AA0336 /* NSData+CommonCrypto.m */ = {isa = PBXFileReference; fileEncoding = 4; lastKnownFileType = sourcecode.c.objc; path = "NSData+CommonCrypto.m"; sourceTree = "<group>"; };
		5CCAB6CC1F2C4D6500E24BEB /* SecondViewController.swift */ = {isa = PBXFileReference; fileEncoding = 4; lastKnownFileType = sourcecode.swift; path = SecondViewController.swift; sourceTree = "<group>"; };
		5CCAB6D31F2C66AD00E24BEB /* MenuViewController.swift */ = {isa = PBXFileReference; fileEncoding = 4; lastKnownFileType = sourcecode.swift; path = MenuViewController.swift; sourceTree = "<group>"; };
		5CD1A9C11F2F089700E314DA /* defaultUser.png */ = {isa = PBXFileReference; lastKnownFileType = image.png; path = defaultUser.png; sourceTree = "<group>"; };
		5CE8EFA31F46B6F6007DD071 /* hide.png */ = {isa = PBXFileReference; lastKnownFileType = image.png; path = hide.png; sourceTree = "<group>"; };
		5CE8EFA41F46B6F6007DD071 /* show.png */ = {isa = PBXFileReference; lastKnownFileType = image.png; path = show.png; sourceTree = "<group>"; };
		5CE8EFA71F46DDF4007DD071 /* NetworkManager.swift */ = {isa = PBXFileReference; fileEncoding = 4; lastKnownFileType = sourcecode.swift; path = NetworkManager.swift; sourceTree = "<group>"; };
		5CE8EFA91F46E9E4007DD071 /* abhaycrt.cer */ = {isa = PBXFileReference; lastKnownFileType = file; path = abhaycrt.cer; sourceTree = "<group>"; };
		5CF1CB601F30562D006CEBA7 /* AddLeadViewController.swift */ = {isa = PBXFileReference; fileEncoding = 4; lastKnownFileType = sourcecode.swift; path = AddLeadViewController.swift; sourceTree = "<group>"; };
		5CF1CB621F3095D2006CEBA7 /* MVYSideMenuController.h */ = {isa = PBXFileReference; fileEncoding = 4; lastKnownFileType = sourcecode.c.h; path = MVYSideMenuController.h; sourceTree = "<group>"; };
		5CF1CB631F3095D2006CEBA7 /* MVYSideMenuController.m */ = {isa = PBXFileReference; fileEncoding = 4; lastKnownFileType = sourcecode.c.objc; path = MVYSideMenuController.m; sourceTree = "<group>"; };
		5CF1CB641F3095D2006CEBA7 /* MVYSideMenuOptions.h */ = {isa = PBXFileReference; fileEncoding = 4; lastKnownFileType = sourcecode.c.h; path = MVYSideMenuOptions.h; sourceTree = "<group>"; };
		5CF1CB651F3095D2006CEBA7 /* MVYSideMenuOptions.m */ = {isa = PBXFileReference; fileEncoding = 4; lastKnownFileType = sourcecode.c.objc; path = MVYSideMenuOptions.m; sourceTree = "<group>"; };
		69B8EDC0B86D19C0BC084E90 /* Pods-IDBISales.release.xcconfig */ = {isa = PBXFileReference; includeInIndex = 1; lastKnownFileType = text.xcconfig; name = "Pods-IDBISales.release.xcconfig"; path = "Pods/Target Support Files/Pods-IDBISales/Pods-IDBISales.release.xcconfig"; sourceTree = "<group>"; };
		9C243EC41F2B17B300AE8499 /* IDBISales.app */ = {isa = PBXFileReference; explicitFileType = wrapper.application; includeInIndex = 0; path = IDBISales.app; sourceTree = BUILT_PRODUCTS_DIR; };
		9C243EC71F2B17B400AE8499 /* AppDelegate.swift */ = {isa = PBXFileReference; lastKnownFileType = sourcecode.swift; path = AppDelegate.swift; sourceTree = "<group>"; };
		9C243EC91F2B17B400AE8499 /* ViewController.swift */ = {isa = PBXFileReference; lastKnownFileType = sourcecode.swift; path = ViewController.swift; sourceTree = "<group>"; };
		9C243ECC1F2B17B400AE8499 /* Base */ = {isa = PBXFileReference; lastKnownFileType = file.storyboard; name = Base; path = Base.lproj/Main.storyboard; sourceTree = "<group>"; };
		9C243ECE1F2B17B400AE8499 /* Assets.xcassets */ = {isa = PBXFileReference; lastKnownFileType = folder.assetcatalog; path = Assets.xcassets; sourceTree = "<group>"; };
		9C243ED11F2B17B400AE8499 /* Base */ = {isa = PBXFileReference; lastKnownFileType = file.storyboard; name = Base; path = Base.lproj/LaunchScreen.storyboard; sourceTree = "<group>"; };
		9C243ED31F2B17B400AE8499 /* Info.plist */ = {isa = PBXFileReference; lastKnownFileType = text.plist.xml; path = Info.plist; sourceTree = "<group>"; };
		9C243ED81F2B17B400AE8499 /* IDBISalesTests.xctest */ = {isa = PBXFileReference; explicitFileType = wrapper.cfbundle; includeInIndex = 0; path = IDBISalesTests.xctest; sourceTree = BUILT_PRODUCTS_DIR; };
		9C243EDC1F2B17B400AE8499 /* IDBISalesTests.swift */ = {isa = PBXFileReference; lastKnownFileType = sourcecode.swift; path = IDBISalesTests.swift; sourceTree = "<group>"; };
		9C243EDE1F2B17B400AE8499 /* Info.plist */ = {isa = PBXFileReference; lastKnownFileType = text.plist.xml; path = Info.plist; sourceTree = "<group>"; };
		9C243EE31F2B17B400AE8499 /* IDBISalesUITests.xctest */ = {isa = PBXFileReference; explicitFileType = wrapper.cfbundle; includeInIndex = 0; path = IDBISalesUITests.xctest; sourceTree = BUILT_PRODUCTS_DIR; };
		9C243EE71F2B17B400AE8499 /* IDBISalesUITests.swift */ = {isa = PBXFileReference; lastKnownFileType = sourcecode.swift; path = IDBISalesUITests.swift; sourceTree = "<group>"; };
		9C243EE91F2B17B400AE8499 /* Info.plist */ = {isa = PBXFileReference; lastKnownFileType = text.plist.xml; path = Info.plist; sourceTree = "<group>"; };
		9CAB09081F3D79D900217D6B /* FirstViewController.swift */ = {isa = PBXFileReference; fileEncoding = 4; lastKnownFileType = sourcecode.swift; path = FirstViewController.swift; sourceTree = "<group>"; };
		9CAB090A1F419B3A00217D6B /* MessageUI.framework */ = {isa = PBXFileReference; lastKnownFileType = wrapper.framework; name = MessageUI.framework; path = System/Library/Frameworks/MessageUI.framework; sourceTree = SDKROOT; };
		9CFD1B4E1F39AC500061A642 /* LeadDetails.swift */ = {isa = PBXFileReference; fileEncoding = 4; lastKnownFileType = sourcecode.swift; path = LeadDetails.swift; sourceTree = "<group>"; };
		9CFD1B501F3AEB920061A642 /* 640x1136-bg.jpg */ = {isa = PBXFileReference; lastKnownFileType = image.jpeg; path = "640x1136-bg.jpg"; sourceTree = "<group>"; };
		9CFD1B521F3C6D3B0061A642 /* AssignLeadViewController.swift */ = {isa = PBXFileReference; fileEncoding = 4; lastKnownFileType = sourcecode.swift; path = AssignLeadViewController.swift; sourceTree = "<group>"; };
/* End PBXFileReference section */

/* Begin PBXFrameworksBuildPhase section */
		9C243EC11F2B17B300AE8499 /* Frameworks */ = {
			isa = PBXFrameworksBuildPhase;
			buildActionMask = 2147483647;
			files = (
				9CAB090B1F419B3A00217D6B /* MessageUI.framework in Frameworks */,
				4DF4718CBCB570487106D357 /* Pods_IDBISales.framework in Frameworks */,
			);
			runOnlyForDeploymentPostprocessing = 0;
		};
		9C243ED51F2B17B400AE8499 /* Frameworks */ = {
			isa = PBXFrameworksBuildPhase;
			buildActionMask = 2147483647;
			files = (
			);
			runOnlyForDeploymentPostprocessing = 0;
		};
		9C243EE01F2B17B400AE8499 /* Frameworks */ = {
			isa = PBXFrameworksBuildPhase;
			buildActionMask = 2147483647;
			files = (
			);
			runOnlyForDeploymentPostprocessing = 0;
		};
/* End PBXFrameworksBuildPhase section */

/* Begin PBXGroup section */
		5C63B7FD1F2B38D500B56C92 /* ThirdPartyLibraries */ = {
			isa = PBXGroup;
			children = (
				5CC0208E1F446928003E89F0 /* JailBreak */,
				5CB5BA321F3DCDF100EC196B /* LabledText */,
				5C75718E1F397B200052513E /* RadioButtton */,
				5C7835AE1F35E98A00C45685 /* Loader */,
				5C9F21871F3478C200DB5274 /* Date&TimePicker */,
				5CB500921F3331E900431EE8 /* checkmark */,
				5CBBEF471F31E28E0032B57B /* MultiSelectionView */,
				5CBBEF3C1F31B1B20032B57B /* AutoCompleteTextField */,
				5CCAB6CE1F2C5AE400E24BEB /* SideMenu */,
				5C63B8011F2B462000B56C92 /* KeyBoardAvoidingScrollView */,
				5C63B8001F2B460E00B56C92 /* TextField */,
			);
			name = ThirdPartyLibraries;
			sourceTree = "<group>";
		};
		5C63B8001F2B460E00B56C92 /* TextField */ = {
			isa = PBXGroup;
			children = (
				5C63B7FE1F2B38F100B56C92 /* RaisePlaceholder.swift */,
			);
			name = TextField;
			sourceTree = "<group>";
		};
		5C63B8011F2B462000B56C92 /* KeyBoardAvoidingScrollView */ = {
			isa = PBXGroup;
			children = (
				5C63B8031F2B467700B56C92 /* TPKeyboardAvoidingScrollView.h */,
				5C63B8041F2B467700B56C92 /* TPKeyboardAvoidingScrollView.m */,
				5C63B8051F2B467700B56C92 /* TPKeyboardAvoidingTableView.h */,
				5C63B8061F2B467700B56C92 /* TPKeyboardAvoidingTableView.m */,
				5C63B8071F2B467700B56C92 /* UIScrollView+TPKeyboardAvoidingAdditions.h */,
				5C63B8081F2B467700B56C92 /* UIScrollView+TPKeyboardAvoidingAdditions.m */,
			);
			name = KeyBoardAvoidingScrollView;
			sourceTree = "<group>";
		};
		5C75718E1F397B200052513E /* RadioButtton */ = {
			isa = PBXGroup;
			children = (
				5C75718F1F397B370052513E /* DLRadioButton.h */,
				5C7571901F397B370052513E /* DLRadioButton.m */,
			);
			name = RadioButtton;
			sourceTree = "<group>";
		};
		5C7835AE1F35E98A00C45685 /* Loader */ = {
			isa = PBXGroup;
			children = (
				5C7835AF1F35E99700C45685 /* MaterialLoadingIndicator.swift */,
			);
			name = Loader;
			sourceTree = "<group>";
		};
		5C9F21871F3478C200DB5274 /* Date&TimePicker */ = {
			isa = PBXGroup;
			children = (
				5C9F21881F3478DF00DB5274 /* DateCollectionViewCell.swift */,
				5C9F21891F3478DF00DB5274 /* DateTimePicker.swift */,
				5C9F218A1F3478DF00DB5274 /* StepCollectionViewFlowLayout.swift */,
			);
			name = "Date&TimePicker";
			sourceTree = "<group>";
		};
		5CB500901F3327E800431EE8 /* encryptionclass */ = {
			isa = PBXGroup;
			children = (
				5CC89EE31F33058500AA0336 /* KeyCode.h */,
				5CC89EE41F33058500AA0336 /* KeyCode.m */,
				5CC89EE51F33058500AA0336 /* AESCrypt.h */,
				5CC89EE61F33058500AA0336 /* AESCrypt.m */,
				5CC89EE71F33058500AA0336 /* NSData+Base64.h */,
				5CC89EE81F33058500AA0336 /* NSData+Base64.m */,
				5CC89EE91F33058500AA0336 /* NSString+Base64.h */,
				5CC89EEA1F33058500AA0336 /* NSString+Base64.m */,
				5CC89EEB1F33058500AA0336 /* NSData+CommonCrypto.h */,
				5CC89EEC1F33058500AA0336 /* NSData+CommonCrypto.m */,
			);
			name = encryptionclass;
			sourceTree = "<group>";
		};
		5CB500911F3327FD00431EE8 /* keychain */ = {
			isa = PBXGroup;
			children = (
				5CB5008D1F3327DC00431EE8 /* JNKeychain.h */,
				5CB5008E1F3327DC00431EE8 /* JNKeychain.m */,
			);
			name = keychain;
			sourceTree = "<group>";
		};
		5CB500921F3331E900431EE8 /* checkmark */ = {
			isa = PBXGroup;
			children = (
				5CB500931F3331F500431EE8 /* CCheckbox.swift */,
			);
			name = checkmark;
			sourceTree = "<group>";
		};
		5CB5BA321F3DCDF100EC196B /* LabledText */ = {
			isa = PBXGroup;
			children = (
				5CB5BA381F3DD0B100EC196B /* V2LabeledTextField.h */,
				5CB5BA391F3DD0B100EC196B /* V2LabeledTextField.m */,
				5CB5BA3A1F3DD0B100EC196B /* V2LabeledTextField.xib */,
				5CB5BA3B1F3DD0B100EC196B /* V2Textfield.h */,
				5CB5BA3C1F3DD0B100EC196B /* V2Textfield.m */,
				5CB5BA401F3DD1EF00EC196B /* UIColor+V2Color.h */,
				5CB5BA411F3DD1EF00EC196B /* UIColor+V2Color.m */,
			);
			name = LabledText;
			sourceTree = "<group>";
		};
		5CBBEF3C1F31B1B20032B57B /* AutoCompleteTextField */ = {
			isa = PBXGroup;
			children = (
				5CBBEF3F1F31D3840032B57B /* LUAutocompleteTableViewCell.swift */,
				5CBBEF401F31D3840032B57B /* LUAutocompleteView.swift */,
				5CBBEF411F31D3840032B57B /* LUAutocompleteViewDataSource.swift */,
				5CBBEF421F31D3840032B57B /* LUAutocompleteViewDelegate.swift */,
			);
			name = AutoCompleteTextField;
			sourceTree = "<group>";
		};
		5CBBEF471F31E28E0032B57B /* MultiSelectionView */ = {
			isa = PBXGroup;
			children = (
				5CBBEF481F31E2AE0032B57B /* CZPicker.h */,
				5CBBEF491F31E2AE0032B57B /* CZPickerView.h */,
				5CBBEF4A1F31E2AE0032B57B /* CZPickerView.m */,
			);
			name = MultiSelectionView;
			sourceTree = "<group>";
		};
		5CC0208E1F446928003E89F0 /* JailBreak */ = {
			isa = PBXGroup;
			children = (
				5CC0208F1F44695A003E89F0 /* JailBrokeController.h */,
				5CC020901F44695A003E89F0 /* JailBrokeController.m */,
				5CC020911F44695A003E89F0 /* JailBrokenDevice.h */,
				5CC020921F44695A003E89F0 /* JailBrokenDevice.m */,
			);
			name = JailBreak;
			sourceTree = "<group>";
		};
		5CC89EDD1F33045700AA0336 /* APIConfigurations */ = {
			isa = PBXGroup;
			children = (
				5CC89EDE1F33048F00AA0336 /* DataManager.swift */,
				5CC89EE01F33049F00AA0336 /* ServerManager.swift */,
				5CE8EFA91F46E9E4007DD071 /* abhaycrt.cer */,
			);
			name = APIConfigurations;
			sourceTree = "<group>";
		};
		5CC89EE21F33056F00AA0336 /* objectiveCClasses */ = {
			isa = PBXGroup;
			children = (
				5CB500911F3327FD00431EE8 /* keychain */,
				5CB500901F3327E800431EE8 /* encryptionclass */,
			);
			name = objectiveCClasses;
			sourceTree = "<group>";
		};
		5CCAB6CE1F2C5AE400E24BEB /* SideMenu */ = {
			isa = PBXGroup;
			children = (
				5CF1CB621F3095D2006CEBA7 /* MVYSideMenuController.h */,
				5CF1CB631F3095D2006CEBA7 /* MVYSideMenuController.m */,
				5CF1CB641F3095D2006CEBA7 /* MVYSideMenuOptions.h */,
				5CF1CB651F3095D2006CEBA7 /* MVYSideMenuOptions.m */,
			);
			name = SideMenu;
			sourceTree = "<group>";
		};
		90DDC7D015E20729BBA69D9A /* Pods */ = {
			isa = PBXGroup;
			children = (
				42C66A791ED876DABC349DBB /* Pods-IDBISales.debug.xcconfig */,
				69B8EDC0B86D19C0BC084E90 /* Pods-IDBISales.release.xcconfig */,
			);
			name = Pods;
			sourceTree = "<group>";
		};
		9C243EBB1F2B17B300AE8499 = {
			isa = PBXGroup;
			children = (
				9C243EC61F2B17B400AE8499 /* IDBISales */,
				9C243EDB1F2B17B400AE8499 /* IDBISalesTests */,
				9C243EE61F2B17B400AE8499 /* IDBISalesUITests */,
				9C243EC51F2B17B300AE8499 /* Products */,
				90DDC7D015E20729BBA69D9A /* Pods */,
				9E496414ABBEA5157959E627 /* Frameworks */,
			);
			sourceTree = "<group>";
		};
		9C243EC51F2B17B300AE8499 /* Products */ = {
			isa = PBXGroup;
			children = (
				9C243EC41F2B17B300AE8499 /* IDBISales.app */,
				9C243ED81F2B17B400AE8499 /* IDBISalesTests.xctest */,
				9C243EE31F2B17B400AE8499 /* IDBISalesUITests.xctest */,
			);
			name = Products;
			sourceTree = "<group>";
		};
		9C243EC61F2B17B400AE8499 /* IDBISales */ = {
			isa = PBXGroup;
			children = (
				5CC89EE21F33056F00AA0336 /* objectiveCClasses */,
				5CC89EDD1F33045700AA0336 /* APIConfigurations */,
				5C63B7FD1F2B38D500B56C92 /* ThirdPartyLibraries */,
				9C243EC71F2B17B400AE8499 /* AppDelegate.swift */,
				5C9F218E1F347DA500DB5274 /* Alert.swift */,
				9C243EC91F2B17B400AE8499 /* ViewController.swift */,
				5CE8EFA71F46DDF4007DD071 /* NetworkManager.swift */,
				9CAB09081F3D79D900217D6B /* FirstViewController.swift */,
				5CCAB6CC1F2C4D6500E24BEB /* SecondViewController.swift */,
				9CFD1B4E1F39AC500061A642 /* LeadDetails.swift */,
				9CFD1B521F3C6D3B0061A642 /* AssignLeadViewController.swift */,
				5CCAB6D31F2C66AD00E24BEB /* MenuViewController.swift */,
				5CF1CB601F30562D006CEBA7 /* AddLeadViewController.swift */,
				5C7835AC1F358A7200C45685 /* ReportsViewController.swift */,
				5CC020991F4470F7003E89F0 /* RootDeviceViewController.swift */,
				5C63B8021F2B467700B56C92 /* IDBISales-Bridging-Header.h */,
				5CD1A9C11F2F089700E314DA /* defaultUser.png */,
				9CFD1B501F3AEB920061A642 /* 640x1136-bg.jpg */,
				5CC020951F446BC9003E89F0 /* check.jpeg */,
				5CC020961F446BC9003E89F0 /* uncheck.jpeg */,
				5CE8EFA31F46B6F6007DD071 /* hide.png */,
				5CE8EFA41F46B6F6007DD071 /* show.png */,
				9C243ECB1F2B17B400AE8499 /* Main.storyboard */,
				9C243ECE1F2B17B400AE8499 /* Assets.xcassets */,
				9C243ED01F2B17B400AE8499 /* LaunchScreen.storyboard */,
				9C243ED31F2B17B400AE8499 /* Info.plist */,
			);
			path = IDBISales;
			sourceTree = "<group>";
		};
		9C243EDB1F2B17B400AE8499 /* IDBISalesTests */ = {
			isa = PBXGroup;
			children = (
				9C243EDC1F2B17B400AE8499 /* IDBISalesTests.swift */,
				9C243EDE1F2B17B400AE8499 /* Info.plist */,
			);
			path = IDBISalesTests;
			sourceTree = "<group>";
		};
		9C243EE61F2B17B400AE8499 /* IDBISalesUITests */ = {
			isa = PBXGroup;
			children = (
				9C243EE71F2B17B400AE8499 /* IDBISalesUITests.swift */,
				9C243EE91F2B17B400AE8499 /* Info.plist */,
			);
			path = IDBISalesUITests;
			sourceTree = "<group>";
		};
		9E496414ABBEA5157959E627 /* Frameworks */ = {
			isa = PBXGroup;
			children = (
				9CAB090A1F419B3A00217D6B /* MessageUI.framework */,
				4E0D59ED96B1636B8C21CA7C /* Pods_IDBISales.framework */,
			);
			name = Frameworks;
			sourceTree = "<group>";
		};
/* End PBXGroup section */

/* Begin PBXNativeTarget section */
		9C243EC31F2B17B300AE8499 /* IDBISales */ = {
			isa = PBXNativeTarget;
			buildConfigurationList = 9C243EEC1F2B17B400AE8499 /* Build configuration list for PBXNativeTarget "IDBISales" */;
			buildPhases = (
				1970845E543962923BED7D91 /* [CP] Check Pods Manifest.lock */,
				9C243EC01F2B17B300AE8499 /* Sources */,
				9C243EC11F2B17B300AE8499 /* Frameworks */,
				9C243EC21F2B17B300AE8499 /* Resources */,
				1C1B95C1C8150CC7D114261A /* [CP] Embed Pods Frameworks */,
				184C40ABC2F841BC72B3E620 /* [CP] Copy Pods Resources */,
			);
			buildRules = (
			);
			dependencies = (
			);
			name = IDBISales;
			productName = IDBISales;
			productReference = 9C243EC41F2B17B300AE8499 /* IDBISales.app */;
			productType = "com.apple.product-type.application";
		};
		9C243ED71F2B17B400AE8499 /* IDBISalesTests */ = {
			isa = PBXNativeTarget;
			buildConfigurationList = 9C243EEF1F2B17B400AE8499 /* Build configuration list for PBXNativeTarget "IDBISalesTests" */;
			buildPhases = (
				9C243ED41F2B17B400AE8499 /* Sources */,
				9C243ED51F2B17B400AE8499 /* Frameworks */,
				9C243ED61F2B17B400AE8499 /* Resources */,
			);
			buildRules = (
			);
			dependencies = (
				9C243EDA1F2B17B400AE8499 /* PBXTargetDependency */,
			);
			name = IDBISalesTests;
			productName = IDBISalesTests;
			productReference = 9C243ED81F2B17B400AE8499 /* IDBISalesTests.xctest */;
			productType = "com.apple.product-type.bundle.unit-test";
		};
		9C243EE21F2B17B400AE8499 /* IDBISalesUITests */ = {
			isa = PBXNativeTarget;
			buildConfigurationList = 9C243EF21F2B17B400AE8499 /* Build configuration list for PBXNativeTarget "IDBISalesUITests" */;
			buildPhases = (
				9C243EDF1F2B17B400AE8499 /* Sources */,
				9C243EE01F2B17B400AE8499 /* Frameworks */,
				9C243EE11F2B17B400AE8499 /* Resources */,
			);
			buildRules = (
			);
			dependencies = (
				9C243EE51F2B17B400AE8499 /* PBXTargetDependency */,
			);
			name = IDBISalesUITests;
			productName = IDBISalesUITests;
			productReference = 9C243EE31F2B17B400AE8499 /* IDBISalesUITests.xctest */;
			productType = "com.apple.product-type.bundle.ui-testing";
		};
/* End PBXNativeTarget section */

/* Begin PBXProject section */
		9C243EBC1F2B17B300AE8499 /* Project object */ = {
			isa = PBXProject;
			attributes = {
				LastSwiftUpdateCheck = 0830;
				LastUpgradeCheck = 0830;
				ORGANIZATIONNAME = "Amit Dhadse";
				TargetAttributes = {
					9C243EC31F2B17B300AE8499 = {
						CreatedOnToolsVersion = 8.3.2;
						DevelopmentTeam = BTT36DS6LY;
						LastSwiftMigration = 0830;
						ProvisioningStyle = Automatic;
					};
					9C243ED71F2B17B400AE8499 = {
						CreatedOnToolsVersion = 8.3.2;
						DevelopmentTeam = BTT36DS6LY;
						ProvisioningStyle = Automatic;
						TestTargetID = 9C243EC31F2B17B300AE8499;
					};
					9C243EE21F2B17B400AE8499 = {
						CreatedOnToolsVersion = 8.3.2;
						DevelopmentTeam = BTT36DS6LY;
						ProvisioningStyle = Automatic;
						TestTargetID = 9C243EC31F2B17B300AE8499;
					};
				};
			};
			buildConfigurationList = 9C243EBF1F2B17B300AE8499 /* Build configuration list for PBXProject "IDBISales" */;
			compatibilityVersion = "Xcode 3.2";
			developmentRegion = English;
			hasScannedForEncodings = 0;
			knownRegions = (
				en,
				Base,
			);
			mainGroup = 9C243EBB1F2B17B300AE8499;
			productRefGroup = 9C243EC51F2B17B300AE8499 /* Products */;
			projectDirPath = "";
			projectRoot = "";
			targets = (
				9C243EC31F2B17B300AE8499 /* IDBISales */,
				9C243ED71F2B17B400AE8499 /* IDBISalesTests */,
				9C243EE21F2B17B400AE8499 /* IDBISalesUITests */,
			);
		};
/* End PBXProject section */

/* Begin PBXResourcesBuildPhase section */
		9C243EC21F2B17B300AE8499 /* Resources */ = {
			isa = PBXResourcesBuildPhase;
			buildActionMask = 2147483647;
			files = (
				9CFD1B511F3AEB920061A642 /* 640x1136-bg.jpg in Resources */,
				5CC020981F446BC9003E89F0 /* uncheck.jpeg in Resources */,
				5CE8EFA51F46B6F6007DD071 /* hide.png in Resources */,
				9C243ED21F2B17B400AE8499 /* LaunchScreen.storyboard in Resources */,
				9C243ECF1F2B17B400AE8499 /* Assets.xcassets in Resources */,
				5CD1A9C21F2F089700E314DA /* defaultUser.png in Resources */,
				5CE8EFA61F46B6F6007DD071 /* show.png in Resources */,
				9C243ECD1F2B17B400AE8499 /* Main.storyboard in Resources */,
				5CB5BA3E1F3DD0B100EC196B /* V2LabeledTextField.xib in Resources */,
				5CE8EFAA1F46E9E4007DD071 /* abhaycrt.cer in Resources */,
				5CC020971F446BC9003E89F0 /* check.jpeg in Resources */,
			);
			runOnlyForDeploymentPostprocessing = 0;
		};
		9C243ED61F2B17B400AE8499 /* Resources */ = {
			isa = PBXResourcesBuildPhase;
			buildActionMask = 2147483647;
			files = (
			);
			runOnlyForDeploymentPostprocessing = 0;
		};
		9C243EE11F2B17B400AE8499 /* Resources */ = {
			isa = PBXResourcesBuildPhase;
			buildActionMask = 2147483647;
			files = (
			);
			runOnlyForDeploymentPostprocessing = 0;
		};
/* End PBXResourcesBuildPhase section */

/* Begin PBXShellScriptBuildPhase section */
		184C40ABC2F841BC72B3E620 /* [CP] Copy Pods Resources */ = {
			isa = PBXShellScriptBuildPhase;
			buildActionMask = 2147483647;
			files = (
			);
			inputPaths = (
			);
			name = "[CP] Copy Pods Resources";
			outputPaths = (
			);
			runOnlyForDeploymentPostprocessing = 0;
			shellPath = /bin/sh;
			shellScript = "\"${SRCROOT}/Pods/Target Support Files/Pods-IDBISales/Pods-IDBISales-resources.sh\"\n";
			showEnvVarsInLog = 0;
		};
		1970845E543962923BED7D91 /* [CP] Check Pods Manifest.lock */ = {
			isa = PBXShellScriptBuildPhase;
			buildActionMask = 2147483647;
			files = (
			);
			inputPaths = (
			);
			name = "[CP] Check Pods Manifest.lock";
			outputPaths = (
			);
			runOnlyForDeploymentPostprocessing = 0;
			shellPath = /bin/sh;
			shellScript = "diff \"${PODS_PODFILE_DIR_PATH}/Podfile.lock\" \"${PODS_ROOT}/Manifest.lock\" > /dev/null\nif [ $? != 0 ] ; then\n    # print error to STDERR\n    echo \"error: The sandbox is not in sync with the Podfile.lock. Run 'pod install' or update your CocoaPods installation.\" >&2\n    exit 1\nfi\n";
			showEnvVarsInLog = 0;
		};
		1C1B95C1C8150CC7D114261A /* [CP] Embed Pods Frameworks */ = {
			isa = PBXShellScriptBuildPhase;
			buildActionMask = 2147483647;
			files = (
			);
			inputPaths = (
			);
			name = "[CP] Embed Pods Frameworks";
			outputPaths = (
			);
			runOnlyForDeploymentPostprocessing = 0;
			shellPath = /bin/sh;
			shellScript = "\"${SRCROOT}/Pods/Target Support Files/Pods-IDBISales/Pods-IDBISales-frameworks.sh\"\n";
			showEnvVarsInLog = 0;
		};
/* End PBXShellScriptBuildPhase section */

/* Begin PBXSourcesBuildPhase section */
		9C243EC01F2B17B300AE8499 /* Sources */ = {
			isa = PBXSourcesBuildPhase;
			buildActionMask = 2147483647;
			files = (
				5CCAB6D41F2C66AD00E24BEB /* MenuViewController.swift in Sources */,
				9C243ECA1F2B17B400AE8499 /* ViewController.swift in Sources */,
				5CBBEF431F31D3840032B57B /* LUAutocompleteTableViewCell.swift in Sources */,
				5CB5008F1F3327DC00431EE8 /* JNKeychain.m in Sources */,
				5CBBEF441F31D3840032B57B /* LUAutocompleteView.swift in Sources */,
				5C7571911F397B370052513E /* DLRadioButton.m in Sources */,
				5C7835B01F35E99700C45685 /* MaterialLoadingIndicator.swift in Sources */,
				5CBBEF461F31D3840032B57B /* LUAutocompleteViewDelegate.swift in Sources */,
				9CFD1B4F1F39AC500061A642 /* LeadDetails.swift in Sources */,
				5C63B80B1F2B467700B56C92 /* UIScrollView+TPKeyboardAvoidingAdditions.m in Sources */,
				5CC89EF01F33058500AA0336 /* NSString+Base64.m in Sources */,
				5C63B80A1F2B467700B56C92 /* TPKeyboardAvoidingTableView.m in Sources */,
				5CF1CB671F3095D2006CEBA7 /* MVYSideMenuOptions.m in Sources */,
				5CF1CB661F3095D2006CEBA7 /* MVYSideMenuController.m in Sources */,
				5CB5BA3F1F3DD0B100EC196B /* V2Textfield.m in Sources */,
				5CC89EDF1F33048F00AA0336 /* DataManager.swift in Sources */,
				5C9F218B1F3478DF00DB5274 /* DateCollectionViewCell.swift in Sources */,
				5CF1CB611F30562D006CEBA7 /* AddLeadViewController.swift in Sources */,
				5CB5BA3D1F3DD0B100EC196B /* V2LabeledTextField.m in Sources */,
				5CB500941F3331F500431EE8 /* CCheckbox.swift in Sources */,
				5C63B8091F2B467700B56C92 /* TPKeyboardAvoidingScrollView.m in Sources */,
				5CC89EEE1F33058500AA0336 /* AESCrypt.m in Sources */,
				5CC020941F44695A003E89F0 /* JailBrokenDevice.m in Sources */,
				9CAB09091F3D79D900217D6B /* FirstViewController.swift in Sources */,
				5CE8EFA81F46DDF4007DD071 /* NetworkManager.swift in Sources */,
				5CBBEF451F31D3840032B57B /* LUAutocompleteViewDataSource.swift in Sources */,
				5CCAB6CD1F2C4D6500E24BEB /* SecondViewController.swift in Sources */,
				5CB5BA421F3DD1EF00EC196B /* UIColor+V2Color.m in Sources */,
				5C63B7FF1F2B38F100B56C92 /* RaisePlaceholder.swift in Sources */,
				5CC89EED1F33058500AA0336 /* KeyCode.m in Sources */,
				5CC89EF11F33058500AA0336 /* NSData+CommonCrypto.m in Sources */,
				5C7835AD1F358A7200C45685 /* ReportsViewController.swift in Sources */,
				5C9F218D1F3478DF00DB5274 /* StepCollectionViewFlowLayout.swift in Sources */,
				5CC0209A1F4470F7003E89F0 /* RootDeviceViewController.swift in Sources */,
				5CC020931F44695A003E89F0 /* JailBrokeController.m in Sources */,
				5C9F218F1F347DA500DB5274 /* Alert.swift in Sources */,
				5CC89EEF1F33058500AA0336 /* NSData+Base64.m in Sources */,
				9C243EC81F2B17B400AE8499 /* AppDelegate.swift in Sources */,
				5C9F218C1F3478DF00DB5274 /* DateTimePicker.swift in Sources */,
				9CFD1B531F3C6D3B0061A642 /* AssignLeadViewController.swift in Sources */,
				5CC89EE11F33049F00AA0336 /* ServerManager.swift in Sources */,
				5CBBEF4B1F31E2AE0032B57B /* CZPickerView.m in Sources */,
			);
			runOnlyForDeploymentPostprocessing = 0;
		};
		9C243ED41F2B17B400AE8499 /* Sources */ = {
			isa = PBXSourcesBuildPhase;
			buildActionMask = 2147483647;
			files = (
				9C243EDD1F2B17B400AE8499 /* IDBISalesTests.swift in Sources */,
			);
			runOnlyForDeploymentPostprocessing = 0;
		};
		9C243EDF1F2B17B400AE8499 /* Sources */ = {
			isa = PBXSourcesBuildPhase;
			buildActionMask = 2147483647;
			files = (
				9C243EE81F2B17B400AE8499 /* IDBISalesUITests.swift in Sources */,
			);
			runOnlyForDeploymentPostprocessing = 0;
		};
/* End PBXSourcesBuildPhase section */

/* Begin PBXTargetDependency section */
		9C243EDA1F2B17B400AE8499 /* PBXTargetDependency */ = {
			isa = PBXTargetDependency;
			target = 9C243EC31F2B17B300AE8499 /* IDBISales */;
			targetProxy = 9C243ED91F2B17B400AE8499 /* PBXContainerItemProxy */;
		};
		9C243EE51F2B17B400AE8499 /* PBXTargetDependency */ = {
			isa = PBXTargetDependency;
			target = 9C243EC31F2B17B300AE8499 /* IDBISales */;
			targetProxy = 9C243EE41F2B17B400AE8499 /* PBXContainerItemProxy */;
		};
/* End PBXTargetDependency section */

/* Begin PBXVariantGroup section */
		9C243ECB1F2B17B400AE8499 /* Main.storyboard */ = {
			isa = PBXVariantGroup;
			children = (
				9C243ECC1F2B17B400AE8499 /* Base */,
			);
			name = Main.storyboard;
			sourceTree = "<group>";
		};
		9C243ED01F2B17B400AE8499 /* LaunchScreen.storyboard */ = {
			isa = PBXVariantGroup;
			children = (
				9C243ED11F2B17B400AE8499 /* Base */,
			);
			name = LaunchScreen.storyboard;
			sourceTree = "<group>";
		};
/* End PBXVariantGroup section */

/* Begin XCBuildConfiguration section */
		9C243EEA1F2B17B400AE8499 /* Debug */ = {
			isa = XCBuildConfiguration;
			buildSettings = {
				ALWAYS_SEARCH_USER_PATHS = NO;
				CLANG_ANALYZER_NONNULL = YES;
				CLANG_ANALYZER_NUMBER_OBJECT_CONVERSION = YES_AGGRESSIVE;
				CLANG_CXX_LANGUAGE_STANDARD = "gnu++0x";
				CLANG_CXX_LIBRARY = "libc++";
				CLANG_ENABLE_MODULES = YES;
				CLANG_ENABLE_OBJC_ARC = YES;
				CLANG_WARN_BOOL_CONVERSION = YES;
				CLANG_WARN_CONSTANT_CONVERSION = YES;
				CLANG_WARN_DIRECT_OBJC_ISA_USAGE = YES_ERROR;
				CLANG_WARN_DOCUMENTATION_COMMENTS = YES;
				CLANG_WARN_EMPTY_BODY = YES;
				CLANG_WARN_ENUM_CONVERSION = YES;
				CLANG_WARN_INFINITE_RECURSION = YES;
				CLANG_WARN_INT_CONVERSION = YES;
				CLANG_WARN_OBJC_ROOT_CLASS = YES_ERROR;
				CLANG_WARN_SUSPICIOUS_MOVE = YES;
				CLANG_WARN_UNREACHABLE_CODE = YES;
				CLANG_WARN__DUPLICATE_METHOD_MATCH = YES;
				"CODE_SIGN_IDENTITY[sdk=iphoneos*]" = "iPhone Developer";
				COPY_PHASE_STRIP = NO;
				DEBUG_INFORMATION_FORMAT = dwarf;
				ENABLE_STRICT_OBJC_MSGSEND = YES;
				ENABLE_TESTABILITY = YES;
				GCC_C_LANGUAGE_STANDARD = gnu99;
				GCC_DYNAMIC_NO_PIC = NO;
				GCC_NO_COMMON_BLOCKS = YES;
				GCC_OPTIMIZATION_LEVEL = 0;
				GCC_PREPROCESSOR_DEFINITIONS = (
					"DEBUG=1",
					"$(inherited)",
				);
				GCC_WARN_64_TO_32_BIT_CONVERSION = YES;
				GCC_WARN_ABOUT_RETURN_TYPE = YES_ERROR;
				GCC_WARN_UNDECLARED_SELECTOR = YES;
				GCC_WARN_UNINITIALIZED_AUTOS = YES_AGGRESSIVE;
				GCC_WARN_UNUSED_FUNCTION = YES;
				GCC_WARN_UNUSED_VARIABLE = YES;
				IPHONEOS_DEPLOYMENT_TARGET = 10.3;
				MTL_ENABLE_DEBUG_INFO = YES;
				ONLY_ACTIVE_ARCH = YES;
				SDKROOT = iphoneos;
				SWIFT_ACTIVE_COMPILATION_CONDITIONS = DEBUG;
				SWIFT_OPTIMIZATION_LEVEL = "-Onone";
			};
			name = Debug;
		};
		9C243EEB1F2B17B400AE8499 /* Release */ = {
			isa = XCBuildConfiguration;
			buildSettings = {
				ALWAYS_SEARCH_USER_PATHS = NO;
				CLANG_ANALYZER_NONNULL = YES;
				CLANG_ANALYZER_NUMBER_OBJECT_CONVERSION = YES_AGGRESSIVE;
				CLANG_CXX_LANGUAGE_STANDARD = "gnu++0x";
				CLANG_CXX_LIBRARY = "libc++";
				CLANG_ENABLE_MODULES = YES;
				CLANG_ENABLE_OBJC_ARC = YES;
				CLANG_WARN_BOOL_CONVERSION = YES;
				CLANG_WARN_CONSTANT_CONVERSION = YES;
				CLANG_WARN_DIRECT_OBJC_ISA_USAGE = YES_ERROR;
				CLANG_WARN_DOCUMENTATION_COMMENTS = YES;
				CLANG_WARN_EMPTY_BODY = YES;
				CLANG_WARN_ENUM_CONVERSION = YES;
				CLANG_WARN_INFINITE_RECURSION = YES;
				CLANG_WARN_INT_CONVERSION = YES;
				CLANG_WARN_OBJC_ROOT_CLASS = YES_ERROR;
				CLANG_WARN_SUSPICIOUS_MOVE = YES;
				CLANG_WARN_UNREACHABLE_CODE = YES;
				CLANG_WARN__DUPLICATE_METHOD_MATCH = YES;
				"CODE_SIGN_IDENTITY[sdk=iphoneos*]" = "iPhone Developer";
				COPY_PHASE_STRIP = NO;
				DEBUG_INFORMATION_FORMAT = "dwarf-with-dsym";
				ENABLE_NS_ASSERTIONS = NO;
				ENABLE_STRICT_OBJC_MSGSEND = YES;
				GCC_C_LANGUAGE_STANDARD = gnu99;
				GCC_NO_COMMON_BLOCKS = YES;
				GCC_WARN_64_TO_32_BIT_CONVERSION = YES;
				GCC_WARN_ABOUT_RETURN_TYPE = YES_ERROR;
				GCC_WARN_UNDECLARED_SELECTOR = YES;
				GCC_WARN_UNINITIALIZED_AUTOS = YES_AGGRESSIVE;
				GCC_WARN_UNUSED_FUNCTION = YES;
				GCC_WARN_UNUSED_VARIABLE = YES;
				IPHONEOS_DEPLOYMENT_TARGET = 10.3;
				MTL_ENABLE_DEBUG_INFO = NO;
				SDKROOT = iphoneos;
				SWIFT_OPTIMIZATION_LEVEL = "-Owholemodule";
				VALIDATE_PRODUCT = YES;
			};
			name = Release;
		};
		9C243EED1F2B17B400AE8499 /* Debug */ = {
			isa = XCBuildConfiguration;
			baseConfigurationReference = 42C66A791ED876DABC349DBB /* Pods-IDBISales.debug.xcconfig */;
			buildSettings = {
				ASSETCATALOG_COMPILER_APPICON_NAME = AppIcon;
				CLANG_ENABLE_MODULES = YES;
				DEVELOPMENT_TEAM = BTT36DS6LY;
				INFOPLIST_FILE = IDBISales/Info.plist;
				IPHONEOS_DEPLOYMENT_TARGET = 9.1;
				LD_RUNPATH_SEARCH_PATHS = "$(inherited) @executable_path/Frameworks";
				PRODUCT_BUNDLE_IDENTIFIER = com.idbi.test;
				PRODUCT_NAME = "$(TARGET_NAME)";
				SWIFT_OBJC_BRIDGING_HEADER = "IDBISales/IDBISales-Bridging-Header.h";
				SWIFT_OPTIMIZATION_LEVEL = "-Onone";
				SWIFT_VERSION = 3.0;
			};
			name = Debug;
		};
		9C243EEE1F2B17B400AE8499 /* Release */ = {
			isa = XCBuildConfiguration;
			baseConfigurationReference = 69B8EDC0B86D19C0BC084E90 /* Pods-IDBISales.release.xcconfig */;
			buildSettings = {
				ASSETCATALOG_COMPILER_APPICON_NAME = AppIcon;
				CLANG_ENABLE_MODULES = YES;
				DEVELOPMENT_TEAM = BTT36DS6LY;
				INFOPLIST_FILE = IDBISales/Info.plist;
				IPHONEOS_DEPLOYMENT_TARGET = 9.1;
				LD_RUNPATH_SEARCH_PATHS = "$(inherited) @executable_path/Frameworks";
				PRODUCT_BUNDLE_IDENTIFIER = com.idbi.test;
				PRODUCT_NAME = "$(TARGET_NAME)";
				SWIFT_OBJC_BRIDGING_HEADER = "IDBISales/IDBISales-Bridging-Header.h";
				SWIFT_VERSION = 3.0;
			};
			name = Release;
		};
		9C243EF01F2B17B400AE8499 /* Debug */ = {
			isa = XCBuildConfiguration;
			buildSettings = {
				ALWAYS_EMBED_SWIFT_STANDARD_LIBRARIES = YES;
				BUNDLE_LOADER = "$(TEST_HOST)";
				DEVELOPMENT_TEAM = BTT36DS6LY;
				INFOPLIST_FILE = IDBISalesTests/Info.plist;
				LD_RUNPATH_SEARCH_PATHS = "$(inherited) @executable_path/Frameworks @loader_path/Frameworks";
				PRODUCT_BUNDLE_IDENTIFIER = idbiintech.IDBISalesTests;
				PRODUCT_NAME = "$(TARGET_NAME)";
				SWIFT_VERSION = 3.0;
				TEST_HOST = "$(BUILT_PRODUCTS_DIR)/IDBISales.app/IDBISales";
			};
			name = Debug;
		};
		9C243EF11F2B17B400AE8499 /* Release */ = {
			isa = XCBuildConfiguration;
			buildSettings = {
				ALWAYS_EMBED_SWIFT_STANDARD_LIBRARIES = YES;
				BUNDLE_LOADER = "$(TEST_HOST)";
				DEVELOPMENT_TEAM = BTT36DS6LY;
				INFOPLIST_FILE = IDBISalesTests/Info.plist;
				LD_RUNPATH_SEARCH_PATHS = "$(inherited) @executable_path/Frameworks @loader_path/Frameworks";
				PRODUCT_BUNDLE_IDENTIFIER = idbiintech.IDBISalesTests;
				PRODUCT_NAME = "$(TARGET_NAME)";
				SWIFT_VERSION = 3.0;
				TEST_HOST = "$(BUILT_PRODUCTS_DIR)/IDBISales.app/IDBISales";
			};
			name = Release;
		};
		9C243EF31F2B17B400AE8499 /* Debug */ = {
			isa = XCBuildConfiguration;
			buildSettings = {
				ALWAYS_EMBED_SWIFT_STANDARD_LIBRARIES = YES;
				DEVELOPMENT_TEAM = BTT36DS6LY;
				INFOPLIST_FILE = IDBISalesUITests/Info.plist;
				LD_RUNPATH_SEARCH_PATHS = "$(inherited) @executable_path/Frameworks @loader_path/Frameworks";
				PRODUCT_BUNDLE_IDENTIFIER = idbiintech.IDBISalesUITests;
				PRODUCT_NAME = "$(TARGET_NAME)";
				SWIFT_VERSION = 3.0;
				TEST_TARGET_NAME = IDBISales;
			};
			name = Debug;
		};
		9C243EF41F2B17B400AE8499 /* Release */ = {
			isa = XCBuildConfiguration;
			buildSettings = {
				ALWAYS_EMBED_SWIFT_STANDARD_LIBRARIES = YES;
				DEVELOPMENT_TEAM = BTT36DS6LY;
				INFOPLIST_FILE = IDBISalesUITests/Info.plist;
				LD_RUNPATH_SEARCH_PATHS = "$(inherited) @executable_path/Frameworks @loader_path/Frameworks";
				PRODUCT_BUNDLE_IDENTIFIER = idbiintech.IDBISalesUITests;
				PRODUCT_NAME = "$(TARGET_NAME)";
				SWIFT_VERSION = 3.0;
				TEST_TARGET_NAME = IDBISales;
			};
			name = Release;
		};
/* End XCBuildConfiguration section */

/* Begin XCConfigurationList section */
		9C243EBF1F2B17B300AE8499 /* Build configuration list for PBXProject "IDBISales" */ = {
			isa = XCConfigurationList;
			buildConfigurations = (
				9C243EEA1F2B17B400AE8499 /* Debug */,
				9C243EEB1F2B17B400AE8499 /* Release */,
			);
			defaultConfigurationIsVisible = 0;
			defaultConfigurationName = Release;
		};
		9C243EEC1F2B17B400AE8499 /* Build configuration list for PBXNativeTarget "IDBISales" */ = {
			isa = XCConfigurationList;
			buildConfigurations = (
				9C243EED1F2B17B400AE8499 /* Debug */,
				9C243EEE1F2B17B400AE8499 /* Release */,
			);
			defaultConfigurationIsVisible = 0;
			defaultConfigurationName = Release;
		};
		9C243EEF1F2B17B400AE8499 /* Build configuration list for PBXNativeTarget "IDBISalesTests" */ = {
			isa = XCConfigurationList;
			buildConfigurations = (
				9C243EF01F2B17B400AE8499 /* Debug */,
				9C243EF11F2B17B400AE8499 /* Release */,
			);
			defaultConfigurationIsVisible = 0;
			defaultConfigurationName = Release;
		};
		9C243EF21F2B17B400AE8499 /* Build configuration list for PBXNativeTarget "IDBISalesUITests" */ = {
			isa = XCConfigurationList;
			buildConfigurations = (
				9C243EF31F2B17B400AE8499 /* Debug */,
				9C243EF41F2B17B400AE8499 /* Release */,
			);
			defaultConfigurationIsVisible = 0;
			defaultConfigurationName = Release;
		};
/* End XCConfigurationList section */
	};
	rootObject = 9C243EBC1F2B17B300AE8499 /* Project object */;
}
